# This file is automatically @generated by Poetry 2.1.3 and should not be changed by hand.

[[package]]
name = "joblib"
version = "1.5.3"
description = "Lightweight pipelining with Python functions"
optional = false
python-versions = ">=3.9"
groups = ["main"]
files = [
    {file = "joblib-1.5.3-py3-none-any.whl", hash = "sha256:5fc3c5039fc5ca8c0276333a188bbd59d6b7ab37fe6632daa76bc7f9ec18e713"},
    {file = "joblib-1.5.3.tar.gz", hash = "sha256:8561a3269e6801106863fd0d6d84bb737be9e7631e33aaed3fb9ce5953688da3"},
]

[[package]]
name = "narwhals"
version = "2.22.1"
description = "Extremely lightweight compatibility layer between dataframe libraries"
optional = false
python-versions = ">=3.10"
groups = ["main"]
files = [
    {file = "narwhals-2.22.1-py3-none-any.whl", hash = "sha256:60567d774edf77db53906f89d9fbd164e66e56d66d388e1e6990f17ac33cfb53"},
    {file = "narwhals-2.22.1.tar.gz", hash = "sha256:d62920805a0a43b7ff8b54b0c0d3142d796f8a9301836ada37e573d6a33cbcd9"},
]

[package.extras]
cudf = ["cudf-cu12 (>=24.10.0) ; sys_platform == \"linux\""]
dask = ["dask[dataframe] (>=2024.8)"]
duckdb = ["duckdb (>=1.1)"]
ibis = ["ibis-framework (>=6.0.0)", "packaging (>=21.3)", "pyarrow-hotfix (>=0.7)", "rich (>=12.4.4)"]
modin = ["modin (>=0.22.0)"]
pandas = ["pandas (>=1.3.4)"]
polars = ["polars (>=0.20.4)"]
pyarrow = ["pyarrow (>=13.0.0)"]
pyspark = ["pyspark (>=3.5.0)"]
pyspark-connect = ["pyspark[connect] (>=3.5.0)"]
sql = ["narwhals[duckdb]", "sqlparse (>=0.5.5)"]
sqlframe = ["sqlframe (>=3.22.0,!=3.39.3)"]

[[package]]
name = "numpy"
version = "2.4.6"
description = "Fundamental package for array computing in Python"
optional = false
python-versions = ">=3.11"
groups = ["main"]
files = [
    {file = "numpy-2.4.6-cp311-cp311-macosx_10_9_x86_64.whl", hash = "sha256:0280e0356c0829a18d9de1cb7eee50ec22ca639878d7240307ca0943d73cd2c4"},
    {file = "numpy-2.4.6-cp311-cp311-macosx_11_0_arm64.whl", hash = "sha256:110f8b71aacb688ec69062bb7f6938a0f8acb01b7c1c4beb453c65b6d234584d"},
    {file = "numpy-2.4.6-cp311-cp311-macosx_14_0_arm64.whl", hash = "sha256:4cfe66903cc32a9921a6733d96b19bb6abf310397581bbad89c228f5abaf0ee8"},
    {file = "numpy-2.4.6-cp311-cp311-macosx_14_0_x86_64.whl", hash = "sha256:8155154c7c691289fe18f510b5d4657c68c67989f293f0535a91360392ff6538"},
    {file = "numpy-2.4.6-cp311-cp311-manylinux_2_27_aarch64.manylinux_2_28_aarch64.whl", hash = "sha256:0ab0a9c4ffb1a6d95ef519fe4247dba8eb6b18ad93999f76b7f657039acabd47"},
    {file = "numpy-2.4.6-cp311-cp311-manylinux_2_27_x86_64.manylinux_2_28_x86_64.whl", hash = "sha256:89cd468399cfd2504718f0ba50e410dca55a170b61a02ad92bb18c8a65186e93"},
    {file = "numpy-2.4.6-cp311-cp311-musllinux_1_2_aarch64.whl", hash = "sha256:c2d37ab77531417474168eb79d6d80b14f821a966818505d03013d0833edb7a8"},
    {file = "numpy-2.4.6-cp311-cp311-musllinux_1_2_x86_64.whl", hash = "sha256:f407cb6b8e9d6d8c626bc73c945db1706035af8fd632295547bf1c9e46d092d6"},
    {file = "numpy-2.4.6-cp311-cp311-win32.whl", hash = "sha256:ddea102b48f9e339f3948bf22040944184627a30fdf7f858667673b9c5f033c8"},
    {file = "numpy-2.4.6-cp311-cp311-win_amd64.whl", hash = "sha256:1e254a00cdf42b1e4d5b3d68d33af63268d41340d8885df2ab6470f2e1500147"},
    {file = "numpy-2.4.6-cp311-cp311-win_arm64.whl", hash = "sha256:ed9749eef4cbd126da3dc1d6bcb3a57f5eb7ac6a6484146bdbf743f552dfc577"},
    {file = "numpy-2.4.6-cp312-cp312-macosx_10_13_x86_64.whl", hash = "sha256:001fbb8e08d942dd57599e781f2472269ee7f2755fae407b4f67b2f0b17da3f1"},
    {file = "numpy-2.4.6-cp312-cp312-macosx_11_0_arm64.whl", hash = "sha256:ebfb099f8dcf083deef3ac1ca4c1503f387cf76296fcb3816b66f5ecb5f54fdb"},
    {file = "numpy-2.4.6-cp312-cp312-macosx_14_0_arm64.whl", hash = "sha256:3213d622a0283a39a93d188f3cf72b26862df52fbb4ca3697f51705016523d41"},
    {file = "numpy-2.4.6-cp312-cp312-macosx_14_0_x86_64.whl", hash = "sha256:357cc07a6d7b0b182ff02249616a03742827ebb1277546b5c7cd7f7620a45698"},
    {file = "numpy-2.4.6-cp312-cp312-manylinux_2_27_aarch64.manylinux_2_28_aarch64.whl", hash = "sha256:5f9fb9157b4ce2971008323afe46053787b526ef624fea915b261468a8421a0f"},
    {file = "numpy-2.4.6-cp312-cp312-manylinux_2_27_x86_64.manylinux_2_28_x86_64.whl", hash = "sha256:90f9849678c75fe7afa2d348ac842c168b0a4d3d61919687216dfc547976d853"},
    {file = "numpy-2.4.6-cp312-cp312-musllinux_1_2_aarch64.whl", hash = "sha256:c1a2af6c6ef86344a6b0db6b97834208bf598db514f2b155042439b62605601a"},
    {file = "numpy-2.4.6-cp312-cp312-musllinux_1_2_x86_64.whl", hash = "sha256:e5805d5a22fd19c8ccff10a9561f9df94436b0545619ea579db2d3c35294bce2"},
    {file = "numpy-2.4.6-cp312-cp312-win32.whl", hash = "sha256:e3eeb0aabd6bd5ce64faae67e9935203a6991b4bc2a485a767fbafb2c5125f45"},
    {file = "numpy-2.4.6-cp312-cp312-win_amd64.whl", hash = "sha256:d8e8286dd7cea7895157318d1b91cdacac64c479f3cbc8dce548331728484751"},
    {file = "numpy-2.4.6-cp312-cp312-win_arm64.whl", hash = "sha256:4081eb135ac24158bd51cdfbef16f1c64df7063b1143f24731387137c092bec8"},
    {file = "numpy-2.4.6-cp313-cp313-macosx_10_13_x86_64.whl", hash = "sha256:511dbaf848decaaaf4b4ca48032619fb3138710c4bf7da7617765edad1ef96b0"},
    {file = "numpy-2.4.6-cp313-cp313-macosx_11_0_arm64.whl", hash = "sha256:bf162abab1c1a736333192707cef898e735a5ca00f38f27eeedf44b39d9e85eb"},
    {file = "numpy-2.4.6-cp313-cp313-macosx_14_0_arm64.whl", hash = "sha256:043191bfa8eab18c776647b62723ac9dddece59743b13f49b2016094129c2b3f"},
    {file = "numpy-2.4.6-cp313-cp313-macosx_14_0_x86_64.whl", hash = "sha256:6180d8b35af935aed8ece3a85e0a43f87393ae0ac87c8d2c8bd2c993f7270ef3"},
    {file = "numpy-2.4.6-cp313-cp313-manylinux_2_27_aarch64.manylinux_2_28_aarch64.whl", hash = "sha256:72fbe16c6fac95aedf5937fa873445cec2110be35d8a4e9433d7501fd98dae6b"},
    {file = "numpy-2.4.6-cp313-cp313-manylinux_2_27_x86_64.manylinux_2_28_x86_64.whl", hash = "sha256:a7830bab239b79cda9c08c2da014761cafb48da6150e1da17ac06283f43b6089"},
    {file = "numpy-2.4.6-cp313-cp313-musllinux_1_2_aarch64.whl", hash = "sha256:ef4aea96ce4d3b074422cb4f2f64e216bf9e213004bb58ecfdf50ea02ea8eb9a"},
    {file = "numpy-2.4.6-cp313-cp313-musllinux_1_2_x86_64.whl", hash = "sha256:dfa20cc6ca228e6b155b11da03825975ce66aea520985dbbddf0f2a5a495c605"},
    {file = "numpy-2.4.6-cp313-cp313-win32.whl", hash = "sha256:56b39e5e0622a09a25bf5baf62f4bcf0cb8a41ae6e2819cf49bbc5a74c083f91"},
    {file = "numpy-2.4.6-cp313-cp313-win_amd64.whl", hash = "sha256:c4fc99836233ea196540b17ab0983aff60ed07941751930f5f4d05bc3b3b7359"},
    {file = "numpy-2.4.6-cp313-cp313-win_arm64.whl", hash = "sha256:a7c711e21628b52034bb5ab8d1bce291f752fcc5e92accc615778acee1ff4778"},
    {file = "numpy-2.4.6-cp313-cp313t-macosx_11_0_arm64.whl", hash = "sha256:112b06a867b235ef466ed3508ddf0238050df9c727cafb5301ac385b899189a1"},
    {file = "numpy-2.4.6-cp313-cp313t-macosx_14_0_arm64.whl", hash = "sha256:eaf7fa2de5c0be8ae6ff8e9bea2ccd725e980541244521d8d4b5f3354a27babe"},
    {file = "numpy-2.4.6-cp313-cp313t-macosx_14_0_x86_64.whl", hash = "sha256:7265a2f3d436e54ef9f2b52b5c937e6be778781bd97a590319d7348f1c1ca997"},
    {file = "numpy-2.4.6-cp313-cp313t-manylinux_2_27_aarch64.manylinux_2_28_aarch64.whl", hash = "sha256:f74a575920ab21fe304421a3fc28793d82e299cae9eccb37084e9fc7f3617c20"},
    {file = "numpy-2.4.6-cp313-cp313t-manylinux_2_27_x86_64.manylinux_2_28_x86_64.whl", hash = "sha256:ede83e07a75dd06bc501566c1eca2afc0d61677c1472ac9ad93fdee6e638a48d"},
    {file = "numpy-2.4.6-cp313-cp313t-musllinux_1_2_aarch64.whl", hash = "sha256:68bb27509ac1b9a3443094260f6326150663b06abe40b73a2f81160623da5b67"},
    {file = "numpy-2.4.6-cp313-cp313t-musllinux_1_2_x86_64.whl", hash = "sha256:a0df0043bdb289bde1f62da130d20df23d58b45429f752bc7a8fc5325a225ecd"},
    {file = "numpy-2.4.6-cp313-cp313t-win32.whl", hash = "sha256:29a287e0cf63ff528da061de6b9f64a4618da591ca1046aafc54062e40ca7eab"},
    {file = "numpy-2.4.6-cp313-cp313t-win_amd64.whl", hash = "sha256:25c692919ac5a01f170a3bfcd62d745b24fd095c353d50812637d6fcab442e75"},
    {file = "numpy-2.4.6-cp313-cp313t-win_arm64.whl", hash = "sha256:1e978ec1e8bd0e0e4de6bb75de9d30cbb74db6b6a2bb727618613703ca0167dd"},
    {file = "numpy-2.4.6-cp314-cp314-macosx_10_15_x86_64.whl", hash = "sha256:06ca2f61ec4385a07a6977c55ba998a4466c123642b4a32694d3128fce18c079"},
    {file = "numpy-2.4.6-cp314-cp314-macosx_11_0_arm64.whl", hash = "sha256:38efbc8de75c7a0fc1ac190162d892787f3f47b57cc291231aafee36b80982b7"},
    {file = "numpy-2.4.6-cp314-cp314-macosx_14_0_arm64.whl", hash = "sha256:d581b735e177fdcdce6fed8e7e8880a3fb6ee4e3653a3ac6af01c6f4c03effc5"},
    {file = "numpy-2.4.6-cp314-cp314-macosx_14_0_x86_64.whl", hash = "sha256:0a041d3d761dc3c35cc56ce0351506a02bcbc25f7b169f652435141a17db9096"},
    {file = "numpy-2.4.6-cp314-cp314-manylinux_2_27_aarch64.manylinux_2_28_aarch64.whl", hash = "sha256:40fdc1ae7125e518ea98e53e69a4ebc27e1fd50510c47b7ea130cf21e5e1d42b"},
    {file = "numpy-2.4.6-cp314-cp314-manylinux_2_27_x86_64.manylinux_2_28_x86_64.whl", hash = "sha256:a2c306dea656c12c68f51f4cea133cbe78ca7435eb28c735eac1d3ebe73be6e8"},
    {file = "numpy-2.4.6-cp314-cp314-musllinux_1_2_aarch64.whl", hash = "sha256:33111801a01c12a8a1e3721f0a9232f8cfc8ae2c6b7098167e6f623c6073f402"},
    {file = "numpy-2.4.6-cp314-cp314-musllinux_1_2_x86_64.whl", hash = "sha256:ae506e6902902557576a26ff33eda8695e7ecb3cb36c3b573a0765dee114ebdb"},
    {file = "numpy-2.4.6-cp314-cp314-win32.whl", hash = "sha256:aaf159caa35993cb1f56fb9b8e4610d35758e7ca005412eb1daa856a78c9c4b1"},
    {file = "numpy-2.4.6-cp314-cp314-win_amd64.whl", hash = "sha256:b507f5c4c1d508876d1819b6bf9a49d365b96320b5d4993426b33a23ca4b8261"},
    {file = "numpy-2.4.6-cp314-cp314-win_arm64.whl", hash = "sha256:6f41ae150c4e32db4f3310cdaf64b1593a03dbabe29eec77fc9b50fe64061df6"},
    {file = "numpy-2.4.6-cp314-cp314t-macosx_11_0_arm64.whl", hash = "sha256:ece3d2cfe132e7d51f44a832b303895e6f2d499c5e74dfbdb06ee246147a304a"},
    {file = "numpy-2.4.6-cp314-cp314t-macosx_14_0_arm64.whl", hash = "sha256:e3e5193ef5a3dc73bceee50f7fdc2c90dbb76c42df8d8fae3d1067a583df579e"},
    {file = "numpy-2.4.6-cp314-cp314t-macosx_14_0_x86_64.whl", hash = "sha256:17f9ade344e7d9b464a084d69bcf18fc691cb1db67c62ed80820bf4926d78f0e"},
    {file = "numpy-2.4.6-cp314-cp314t-manylinux_2_27_aarch64.manylinux_2_28_aarch64.whl", hash = "sha256:9cd5ffd25db4e7ba6a375693b3fc0fc1791ec636c17db3720da19bde7180ec43"},
    {file = "numpy-2.4.6-cp314-cp314t-manylinux_2_27_x86_64.manylinux_2_28_x86_64.whl", hash = "sha256:7d92c3819208a60205a12a245c91ad70cb0a85336659b19b834205573ac8456e"},
    {file = "numpy-2.4.6-cp314-cp314t-musllinux_1_2_aarch64.whl", hash = "sha256:e85b752a1e912b70eaad4fafbd4d1238007ab221de2009b9a2f5ae7461239895"},
    {file = "numpy-2.4.6-cp314-cp314t-musllinux_1_2_x86_64.whl", hash = "sha256:29cb7f67d10b479ff07c17d33e39f78c07f71c40ef30d63c153d340e96cd3fb4"},
    {file = "numpy-2.4.6-cp314-cp314t-win32.whl", hash = "sha256:260a5d70215b61ab4fadf5c7baacd64821842975eea312125ed3c39a6391b063"},
    {file = "numpy-2.4.6-cp314-cp314t-win_amd64.whl", hash = "sha256:81a1cca95ed5bb92aa8b10dd2cdc9a0d3853a50fad926c28b5d7e8ea54389627"},
    {file = "numpy-2.4.6-cp314-cp314t-win_arm64.whl", hash = "sha256:0c9136e14ed34a9e343a31c533d78a9813a69a3148332bce5e9821cb2f996e66"},
    {file = "numpy-2.4.6-pp311-pypy311_pp73-macosx_10_15_x86_64.whl", hash = "sha256:55cced7c52e981362f708ad635198e97a752dfba412cc03c23bbf3bd8d5cd662"},
    {file = "numpy-2.4.6-pp311-pypy311_pp73-macosx_11_0_arm64.whl", hash = "sha256:d6da64deb6b8ed903e7560180a92f2d804ee1ba5eeb849ac2748b8c1aba1f6d7"},
    {file = "numpy-2.4.6-pp311-pypy311_pp73-macosx_14_0_arm64.whl", hash = "sha256:68a5124b13fa6cc2086764a20005d30bc0548146f7f5322f02fce212ca14317f"},
    {file = "numpy-2.4.6-pp311-pypy311_pp73-macosx_14_0_x86_64.whl", hash = "sha256:948424b06129ce883307e8cff868c31396d8dc7630a59c61d70d98dbe70f222c"},
    {file = "numpy-2.4.6-pp311-pypy311_pp73-manylinux_2_27_aarch64.manylinux_2_28_aarch64.whl", hash = "sha256:5dbbdb29840ca3d91ee0fece42fc29278886d908280bfec0a5846c6f901a3eb0"},
    {file = "numpy-2.4.6-pp311-pypy311_pp73-manylinux_2_27_x86_64.manylinux_2_28_x86_64.whl", hash = "sha256:8ad03c0965fb3c692200e74d458ca28c1dbb4ce96f9a479a8aa041ad5fabca02"},
    {file = "numpy-2.4.6-pp311-pypy311_pp73-win_amd64.whl", hash = "sha256:2803abfebfc990042cd494d8ce2d5f82e9d847af6d35ec486923aa19dbad5e73"},
    {file = "numpy-2.4.6.tar.gz", hash = "sha256:f3a3570c4a2a16746ac2c31a7c7c7b0c186b95ce902e33db6f28094ed7387dda"},
]

[[package]]
name = "packaging"
version = "26.2"
description = "Core utilities for Python packages"
optional = false
python-versions = ">=3.8"
groups = ["main"]
files = [
    {file = "packaging-26.2-py3-none-any.whl", hash = "sha256:5fc45236b9446107ff2415ce77c807cee2862cb6fac22b8a73826d0693b0980e"},
    {file = "packaging-26.2.tar.gz", hash = "sha256:ff452ff5a3e828ce110190feff1178bb1f2ea2281fa2075aadb987c2fb221661"},
]

[[package]]
name = "pandas"
version = "3.0.3"
description = "Powerful data structures for data analysis, time series, and statistics"
optional = false
python-versions = ">=3.11"
groups = ["main"]
files = [
    {file = "pandas-3.0.3-cp311-cp311-macosx_10_9_x86_64.whl", hash = "sha256:455f6f8139d4282188f526868dbc3c828470e88a3d9d59a891bd46a455f21b98"},
    {file = "pandas-3.0.3-cp311-cp311-macosx_11_0_arm64.whl", hash = "sha256:4e15135e2ee5df1063313e2425ceef8ac0f4ae775893815b0923651b806a5639"},
    {file = "pandas-3.0.3-cp311-cp311-manylinux_2_24_aarch64.manylinux_2_28_aarch64.whl", hash = "sha256:05f1f1752b8533ea03f7f39a9c15b1a058d067bb48f4748948e7a8691e0510f2"},
    {file = "pandas-3.0.3-cp311-cp311-manylinux_2_24_x86_64.manylinux_2_28_x86_64.whl", hash = "sha256:8a1e45c80cceb3b4a21bc5939d52e8cbd8d9b7305309219d59e9754d9ce09e27"},
    {file = "pandas-3.0.3-cp311-cp311-musllinux_1_2_aarch64.whl", hash = "sha256:14da8316da4d0c5a77618425996bfb1248ca87fc2c1486e6fde4652bd18b5824"},
    {file = "pandas-3.0.3-cp311-cp311-musllinux_1_2_x86_64.whl", hash = "sha256:a55066a0505dae0ba2b50a46637db34b46f9094c65c5d4800794ef6335010938"},
    {file = "pandas-3.0.3-cp311-cp311-win_amd64.whl", hash = "sha256:6674ab18ad8c57802867264b00e15e7bb904700cdd9046e3b2fa1fce237439ea"},
    {file = "pandas-3.0.3-cp311-cp311-win_arm64.whl", hash = "sha256:5cc09a68b3120e0f54870dede8287a7bb1fa463907e4fcec1ea77cab6179bf7a"},
    {file = "pandas-3.0.3-cp312-cp312-macosx_10_13_x86_64.whl", hash = "sha256:fed2ff7fd9779120e388e285fc029bd5cf9490cdd2e4166a9ee22c0e49a9ab09"},
    {file = "pandas-3.0.3-cp312-cp312-macosx_11_0_arm64.whl", hash = "sha256:b168fc218fd80a6cbdbdbc1a97ddc7889ed057d7eb45f50d866ceab5f39904c4"},
    {file = "pandas-3.0.3-cp312-cp312-manylinux_2_24_aarch64.manylinux_2_28_aarch64.whl", hash = "sha256:0383c72c75cdcca61a9e116e611143902dbfd08bff356829c2f6d1cf40a9ca8c"},
    {file = "pandas-3.0.3-cp312-cp312-manylinux_2_24_x86_64.manylinux_2_28_x86_64.whl", hash = "sha256:6dc0b3fd2169c9157deed50b4d519553a3655c8c6a96027136d654592be973a9"},
    {file = "pandas-3.0.3-cp312-cp312-musllinux_1_2_aarch64.whl", hash = "sha256:7e65d5407dc0b394f509699650e4a2ec01c0514f21850f453fa60f3be79a5dbf"},
    {file = "pandas-3.0.3-cp312-cp312-musllinux_1_2_x86_64.whl", hash = "sha256:f8894dc474d648fe7b6ff0ca9b0bd73950d19952bc1a6534540762c5d79d305c"},
    {file = "pandas-3.0.3-cp312-cp312-win_amd64.whl", hash = "sha256:c7be265b62cef88e253a941e4698604973736dcfe242fdb5198f0f7bc473cdcc"},
    {file = "pandas-3.0.3-cp312-cp312-win_arm64.whl", hash = "sha256:557409bc4178e70ee8d9ddb494798e51ebf6ea59330f6be22c51bab2a7db6c49"},
    {file = "pandas-3.0.3-cp313-cp313-macosx_10_13_x86_64.whl", hash = "sha256:67b3b64c11910cfa29f4e94a14d3bff9ee693b6fc76055e7cad549cee0aec5fa"},
    {file = "pandas-3.0.3-cp313-cp313-macosx_11_0_arm64.whl", hash = "sha256:39436b377d56d2a2e52d0395bdbee171f01068e99af5250509aceeb929f765c7"},
    {file = "pandas-3.0.3-cp313-cp313-manylinux_2_24_aarch64.manylinux_2_28_aarch64.whl", hash = "sha256:d4be06d68f9ddcfc645b87534911da79a8fbffc7573c80e0edcf42a5020624d8"},
    {file = "pandas-3.0.3-cp313-cp313-manylinux_2_24_x86_64.manylinux_2_28_x86_64.whl", hash = "sha256:a4eeb6830daf35a71cc09649bd823e2b542dac246cdee9614c6e4bd65028cd6a"},
    {file = "pandas-3.0.3-cp313-cp313-musllinux_1_2_aarch64.whl", hash = "sha256:1928e07221f82db493cd4af1e23c1bfca524a19a4699887975bff68f49a72bfb"},
    {file = "pandas-3.0.3-cp313-cp313-musllinux_1_2_x86_64.whl", hash = "sha256:51b1fe551acb77dac643c6fda86084d8d446c10fe64b06a9cc29c4cc8540e7f2"},
    {file = "pandas-3.0.3-cp313-cp313-win_amd64.whl", hash = "sha256:a82d532a3351d435432cd913edbccaf8b8e01d4dd0e5ced5a8d2e8ecd94c7e44"},
    {file = "pandas-3.0.3-cp313-cp313-win_arm64.whl", hash = "sha256:275c14e0fce14a2ec20eee474aecd305478ea3c1e6f6a9d8fe219a165542717e"},
    {file = "pandas-3.0.3-cp313-cp313t-macosx_10_13_x86_64.whl", hash = "sha256:46997386d528eb40376ecd6b033cf4a8a1e5282580f68f43de875b78cba2199d"},
    {file = "pandas-3.0.3-cp313-cp313t-macosx_11_0_arm64.whl", hash = "sha256:261e308dfb22448384b7580cf719d2f998fe2966c92893c3e77d14008af1f066"},
    {file = "pandas-3.0.3-cp313-cp313t-manylinux_2_24_aarch64.manylinux_2_28_aarch64.whl", hash = "sha256:dd1a5d1def6a46002e964510bdc67c368aa0951df5d1d9f8365336f5a1f490cd"},
    {file = "pandas-3.0.3-cp313-cp313t-manylinux_2_24_x86_64.manylinux_2_28_x86_64.whl", hash = "sha256:d72828c20c6d6e83e1e22a6a3b47b326b71664112fa9705dcbccfd7a39b62085"},
    {file = "pandas-3.0.3-cp313-cp313t-musllinux_1_2_aarch64.whl", hash = "sha256:d26cbe1fcfc12e8fd900e2454163e466b2d3af84f7c75481df7683ffc073d870"},
    {file = "pandas-3.0.3-cp313-cp313t-musllinux_1_2_x86_64.whl", hash = "sha256:3e91cec1879ada0624fc3dc9953c5cbd60208e59c0db28f540c5d6d47502422f"},
    {file = "pandas-3.0.3-cp313-cp313t-win_amd64.whl", hash = "sha256:08d789b41f87e0905880e293cedf6197ce71fe67cc081358b1e148a491b9bd13"},
    {file = "pandas-3.0.3-cp314-cp314-macosx_10_15_x86_64.whl", hash = "sha256:3650109c0f22879df8bd6179ab9ee3d7f1d1d4e7e0094a3f0032d9f51e2e64ac"},
    {file = "pandas-3.0.3-cp314-cp314-macosx_11_0_arm64.whl", hash = "sha256:bab900348131a7db1f69a7309ef141fd5680f1487094193bcbbb61791573bf8f"},
    {file = "pandas-3.0.3-cp314-cp314-manylinux_2_24_aarch64.manylinux_2_28_aarch64.whl", hash = "sha256:ba7e08b9ac1d54569cd1e256e3668975ed624d6826f7b68df0342b012007bddb"},
    {file = "pandas-3.0.3-cp314-cp314-manylinux_2_24_x86_64.manylinux_2_28_x86_64.whl", hash = "sha256:9d71c63ae4ebdbf70209742096f1fc46a83a0613c99d4b23766cced9ff8cd62a"},
    {file = "pandas-3.0.3-cp314-cp314-musllinux_1_2_aarch64.whl", hash = "sha256:e3a2ec42c98ffa2565a67e08e218d06d72576d758d90facb7c00805194d8f360"},
    {file = "pandas-3.0.3-cp314-cp314-musllinux_1_2_x86_64.whl", hash = "sha256:335f62418ed562cfc3c49e9e196375c28b729dcef8543abf4f9438e381bf3c76"},
    {file = "pandas-3.0.3-cp314-cp314-win_amd64.whl", hash = "sha256:3c20a521bbb85902f79f7270c80a59e1b5452d96d170c034f207181870f97ac5"},
    {file = "pandas-3.0.3-cp314-cp314-win_arm64.whl", hash = "sha256:a2d2dff8a04f3917b55ab3910c32990f8ddf7eceba114947838cefa976a68977"},
    {file = "pandas-3.0.3-cp314-cp314t-macosx_10_15_x86_64.whl", hash = "sha256:0d589105b3c14645af1738ff279b2995102d8f7a03b0a66dc8d95550eb513e04"},
    {file = "pandas-3.0.3-cp314-cp314t-macosx_11_0_arm64.whl", hash = "sha256:13fc1e853d9e04743d11ba75a985ccbc2a317fe07d8af61e445a6fd24dacd6a6"},
    {file = "pandas-3.0.3-cp314-cp314t-manylinux_2_24_aarch64.manylinux_2_28_aarch64.whl", hash = "sha256:819959dab7bbd0049c15623fbac4e29a191b9528160a61fb1032242d8ced2d9c"},
    {file = "pandas-3.0.3-cp314-cp314t-manylinux_2_24_x86_64.manylinux_2_28_x86_64.whl", hash = "sha256:60ae316d3fd75d1858d450d0db0103ea2be3e7d4a95ec2f064f7e2ae63f7b028"},
    {file = "pandas-3.0.3-cp314-cp314t-musllinux_1_2_aarch64.whl", hash = "sha256:bd3a518890b400d32f9023722dc9a9a5c969f00b415419a3c06c043f09bb5d7d"},
    {file = "pandas-3.0.3-cp314-cp314t-musllinux_1_2_x86_64.whl", hash = "sha256:9c39be2d709d01fa972a0cabc522389fceca4f3969332ba25a7d6c5802cf976a"},
    {file = "pandas-3.0.3-cp314-cp314t-win_amd64.whl", hash = "sha256:4db8c527972a821cf5286b40ccc57642a39bc62e62022b42f99f8a67fca8c3a1"},
    {file = "pandas-3.0.3-cp314-cp314t-win_arm64.whl", hash = "sha256:b2c95f8bfc1ee412bf482605d7bfd30c12d1d26bd59fdd91efeef1d4718decb1"},
    {file = "pandas-3.0.3.tar.gz", hash = "sha256:696a4a00a2a2a35d4e5deb3fc946641b96c944f02230e4f76137fe35d806c4fc"},
]

[package.dependencies]
numpy = {version = ">=1.26.0", markers = "python_version < \"3.14\""}
python-dateutil = ">=2.8.2"
tzdata = {version = "*", markers = "sys_platform == \"win32\" or sys_platform == \"emscripten\""}

[package.extras]
all = ["PyQt5 (>=5.15.9)", "SQLAlchemy (>=2.0.36)", "adbc-driver-postgresql (>=1.2.0)", "adbc-driver-sqlite (>=1.2.0)", "beautifulsoup4 (>=4.12.3)", "bottleneck (>=1.4.2)", "fastparquet (>=2024.11.0)", "fsspec (>=2024.10.0)", "gcsfs (>=2024.10.0)", "html5lib (>=1.1)", "hypothesis (>=6.116.0)", "jinja2 (>=3.1.5)", "lxml (>=5.3.0)", "matplotlib (>=3.9.3)", "numba (>=0.60.0)", "numexpr (>=2.10.2)", "odfpy (>=1.4.1)", "openpyxl (>=3.1.5)", "psycopg2 (>=2.9.10)", "pyarrow (>=13.0.0)", "pyiceberg (>=0.8.1)", "pymysql (>=1.1.1)", "pyreadstat (>=1.2.8)", "pytest (>=8.3.4)", "pytest-xdist (>=3.6.1)", "python-calamine (>=0.3.0)", "pytz (>=2020.1)", "pyxlsb (>=1.0.10)", "qtpy (>=2.4.2)", "s3fs (>=2024.10.0)", "scipy (>=1.14.1)", "tables (>=3.10.1)", "tabulate (>=0.9.0)", "xarray (>=2024.10.0)", "xlrd (>=2.0.1)", "xlsxwriter (>=3.2.0)", "zstandard (>=0.23.0)"]
aws = ["s3fs (>=2024.10.0)"]
clipboard = ["PyQt5 (>=5.15.9)", "qtpy (>=2.4.2)"]
compression = ["zstandard (>=0.23.0)"]
computation = ["scipy (>=1.14.1)", "xarray (>=2024.10.0)"]
excel = ["odfpy (>=1.4.1)", "openpyxl (>=3.1.5)", "python-calamine (>=0.3.0)", "pyxlsb (>=1.0.10)", "xlrd (>=2.0.1)", "xlsxwriter (>=3.2.0)"]
feather = ["pyarrow (>=13.0.0)"]
fss = ["fsspec (>=2024.10.0)"]
gcp = ["gcsfs (>=2024.10.0)"]
hdf5 = ["tables (>=3.10.1)"]
html = ["beautifulsoup4 (>=4.12.3)", "html5lib (>=1.1)", "lxml (>=5.3.0)"]
iceberg = ["pyiceberg (>=0.8.1)"]
mysql = ["SQLAlchemy (>=2.0.36)", "pymysql (>=1.1.1)"]
output-formatting = ["jinja2 (>=3.1.5)", "tabulate (>=0.9.0)"]
parquet = ["pyarrow (>=13.0.0)"]
performance = ["bottleneck (>=1.4.2)", "numba (>=0.60.0)", "numexpr (>=2.10.2)"]
plot = ["matplotlib (>=3.9.3)"]
postgresql = ["SQLAlchemy (>=2.0.36)", "adbc-driver-postgresql (>=1.2.0)", "psycopg2 (>=2.9.10)"]
pyarrow = ["pyarrow (>=13.0.0)"]
spss = ["pyreadstat (>=1.2.8)"]
sql-other = ["SQLAlchemy (>=2.0.36)", "adbc-driver-postgresql (>=1.2.0)", "adbc-driver-sqlite (>=1.2.0)"]
test = ["hypothesis (>=6.116.0)", "pytest (>=8.3.4)", "pytest-xdist (>=3.6.1)"]
timezone = ["pytz (>=2020.1)"]
xml = ["lxml (>=5.3.0)"]

[[package]]
name = "plotly"
version = "6.8.0"
description = "An open-source interactive data visualization library for Python"
optional = false
python-versions = ">=3.8"
groups = ["main"]
files = [
    {file = "plotly-6.8.0-py3-none-any.whl", hash = "sha256:13c5c4a0f70b74cab1913eda0de49b826df5931708eb6f9c3010040614700ec8"},
    {file = "plotly-6.8.0.tar.gz", hash = "sha256:e088e7ddc68d4f70e3d66659224727a45296d71d2b8284181862d3d8f1f0d88f"},
]

[package.dependencies]
narwhals = ">=1.15.1"
packaging = "*"

[package.extras]
dev = ["anywidget", "build", "colorcet", "fiona (<=1.9.6) ; python_version <= \"3.8\"", "geopandas", "inflect", "jupyterlab", "kaleido (>=1.3.0)", "numpy (>=1.22)", "orjson", "pandas", "pdfrw", "pillow", "plotly-geo", "polars[timezone]", "pyarrow", "pyshp", "pytest", "pytz", "requests", "ruff (==0.11.12)", "scikit-image", "scipy", "shapely", "statsmodels", "vaex ; python_version <= \"3.9\"", "xarray"]
dev-build = ["build", "jupyterlab", "pytest", "requests", "ruff (==0.11.12)"]
dev-core = ["pytest", "requests", "ruff (==0.11.12)"]
dev-optional = ["anywidget", "build", "colorcet", "fiona (<=1.9.6) ; python_version <= \"3.8\"", "geopandas", "inflect", "jupyterlab", "kaleido (>=1.3.0)", "numpy (>=1.22)", "orjson", "pandas", "pdfrw", "pillow", "plotly-geo", "polars[timezone]", "pyarrow", "pyshp", "pytest", "pytz", "requests", "ruff (==0.11.12)", "scikit-image", "scipy", "shapely", "statsmodels", "vaex ; python_version <= \"3.9\"", "xarray"]
dev-pandas1 = ["numpy (>=1,<2)", "pandas (>=1,<2)", "setuptools (<82)"]
dev-pandas2 = ["pandas (>=2,<3)"]
dev-pandas3 = ["pandas (>=3) ; python_version >= \"3.11\""]
express = ["numpy (>=1.22)"]
kaleido = ["kaleido (>=1.3.0)"]

[[package]]
name = "python-dateutil"
version = "2.9.0.post0"
description = "Extensions to the standard Python datetime module"
optional = false
python-versions = "!=3.0.*,!=3.1.*,!=3.2.*,>=2.7"
groups = ["main"]
files = [
    {file = "python-dateutil-2.9.0.post0.tar.gz", hash = "sha256:37dd54208da7e1cd875388217d5e00ebd4179249f90fb72437e91a35459a0ad3"},
    {file = "python_dateutil-2.9.0.post0-py2.py3-none-any.whl", hash = "sha256:a8b2bc7bffae282281c8140a97d3aa9c14da0b136dfe83f850eea9a5f7470427"},
]

[package.dependencies]
six = ">=1.5"

[[package]]
name = "scikit-learn"
version = "1.9.0"
description = "A set of python modules for machine learning and data mining"
optional = false
python-versions = ">=3.11"
groups = ["main"]
files = [
    {file = "scikit_learn-1.9.0-cp311-cp311-macosx_10_9_x86_64.whl", hash = "sha256:9db6f4d34e68c8899e4cab27fdf8eafe6ed21f2ba52ceb25ea250cd237f8e47b"},
    {file = "scikit_learn-1.9.0-cp311-cp311-macosx_12_0_arm64.whl", hash = "sha256:f401448645a3e7bc115aa3c094097865155b34bff1cba8101857d9104e99074c"},
    {file = "scikit_learn-1.9.0-cp311-cp311-manylinux_2_27_aarch64.manylinux_2_28_aarch64.whl", hash = "sha256:fd3a8ef0c758555a3b23c03adaa858af32f7736785ded50ad5991f59c4ed03fa"},
    {file = "scikit_learn-1.9.0-cp311-cp311-manylinux_2_27_x86_64.manylinux_2_28_x86_64.whl", hash = "sha256:f7e254636164090da847715a27f8e5478feb98c40a9e0ee90cbd277de9e5ceb8"},
    {file = "scikit_learn-1.9.0-cp311-cp311-win_amd64.whl", hash = "sha256:5dc1818c77575d149e25fce9ef82dd7b7263ae372f03494158668ad632a69759"},
    {file = "scikit_learn-1.9.0-cp311-cp311-win_arm64.whl", hash = "sha256:366652351f092b219c248f1e72821e841960a63d8f358f1dcfd54dc1cbdbbc28"},
    {file = "scikit_learn-1.9.0-cp312-cp312-macosx_10_13_x86_64.whl", hash = "sha256:2bd41b0d201bc81575531b96b713d3eb5e5f50fb0b82101ff0f92294fdc236ac"},
    {file = "scikit_learn-1.9.0-cp312-cp312-macosx_12_0_arm64.whl", hash = "sha256:5be45aa4a42a68a533913a6ed736cf309de2226411c79ef8d609a5456f1939b1"},
    {file = "scikit_learn-1.9.0-cp312-cp312-manylinux_2_27_aarch64.manylinux_2_28_aarch64.whl", hash = "sha256:5e50ed4da51974e86e940690e9a3d82e729b62b5a49f7c9bac534d515d39d86f"},
    {file = "scikit_learn-1.9.0-cp312-cp312-manylinux_2_27_x86_64.manylinux_2_28_x86_64.whl", hash = "sha256:056c92bb67ad4c28463c2f2653d9701449201e7e7a9e94e321be0f71c4fef2b8"},
    {file = "scikit_learn-1.9.0-cp312-cp312-win_amd64.whl", hash = "sha256:4306775fad04cc4b472a1b15af1ae9cede1540fbfcc17fbce3767cd8dc7ae283"},
    {file = "scikit_learn-1.9.0-cp312-cp312-win_arm64.whl", hash = "sha256:26e22435f63bcdcf396b574273f29f13dd531f5ea035801f5be10ba1540a4e60"},
    {file = "scikit_learn-1.9.0-cp313-cp313-macosx_10_13_x86_64.whl", hash = "sha256:80746d63bd4b6eaca54d36fe5feaf4d28bb38dc6f9470f81c7cad7c40155f119"},
    {file = "scikit_learn-1.9.0-cp313-cp313-macosx_12_0_arm64.whl", hash = "sha256:5b934c45c252844a91d69fda3a34cff5e7307e1db10d77cb10a3980312c74713"},
    {file = "scikit_learn-1.9.0-cp313-cp313-manylinux_2_27_aarch64.manylinux_2_28_aarch64.whl", hash = "sha256:38c3dcb9a1ffb85505ec53d54c7b4aea0cff70050425a7760c2af661ac85df05"},
    {file = "scikit_learn-1.9.0-cp313-cp313-manylinux_2_27_x86_64.manylinux_2_28_x86_64.whl", hash = "sha256:da76d09304a4706db7cc1e3ebaa3b6b98a67365cc11d2996c4f1e58ba47df714"},
    {file = "scikit_learn-1.9.0-cp313-cp313-win_amd64.whl", hash = "sha256:5808d98f15c6bf6d9d96d2348c1997392a5888ce7097e664105f930c4bca1277"},
    {file = "scikit_learn-1.9.0-cp313-cp313-win_arm64.whl", hash = "sha256:d77f54c017633791bc0225a43e2f8d03745fdcfe4880268fcc4df15f505dec2e"},
    {file = "scikit_learn-1.9.0-cp314-cp314-macosx_10_15_x86_64.whl", hash = "sha256:9656acd4e93f74e0b66c8a36c88830a99252dfa900044d36bc2212ae89a47162"},
    {file = "scikit_learn-1.9.0-cp314-cp314-macosx_12_0_arm64.whl", hash = "sha256:24360002ae845e7866522b0a5bbf690802e7bc388cac8663502e78aa98598aa2"},
    {file = "scikit_learn-1.9.0-cp314-cp314-manylinux_2_27_aarch64.manylinux_2_28_aarch64.whl", hash = "sha256:5162ad10a418c8a282dde04c9aa06965de3e9a65f33c1440c0ae69bb1a09d913"},
    {file = "scikit_learn-1.9.0-cp314-cp314-manylinux_2_27_x86_64.manylinux_2_28_x86_64.whl", hash = "sha256:1fea2cc5677ab49d6f5bade978c866da44957b712d92e9635e8b4f723013c3cb"},
    {file = "scikit_learn-1.9.0-cp314-cp314-win_amd64.whl", hash = "sha256:64fa347efc1c839c487433e40c5144d38c336e8a2b59c81aa8660373945c2673"},
    {file = "scikit_learn-1.9.0-cp314-cp314-win_arm64.whl", hash = "sha256:1b944b6db288f6b926e3650026ddafb988929de95d11fc2cc5fa117773c9ba42"},
    {file = "scikit_learn-1.9.0-cp314-cp314t-macosx_10_15_x86_64.whl", hash = "sha256:4ccacf04ca5f4b492158a5f28afe0ace43f81b2571e4b9a66d34848b46128949"},
    {file = "scikit_learn-1.9.0-cp314-cp314t-macosx_12_0_arm64.whl", hash = "sha256:ee1a8db2c18c08e34c7412d4b10be1cac214cd4ea7dc9715a6a327eb49a37c96"},
    {file = "scikit_learn-1.9.0-cp314-cp314t-manylinux_2_27_aarch64.manylinux_2_28_aarch64.whl", hash = "sha256:147e9329ef0e39f75d4cffa02b2aa48d827832684926cd5210d9a2cb5c57246b"},
    {file = "scikit_learn-1.9.0-cp314-cp314t-manylinux_2_27_x86_64.manylinux_2_28_x86_64.whl", hash = "sha256:5bad8f8b9950321b54c965fdcbac6c6c55e79e16646b49977bcf3668d3870a1a"},
    {file = "scikit_learn-1.9.0-cp314-cp314t-win_amd64.whl", hash = "sha256:78fc56eafd4edb9575d2d8950d1dd152061abb573341a1cb7e099fc40f6c6666"},
    {file = "scikit_learn-1.9.0-cp314-cp314t-win_arm64.whl", hash = "sha256:051075bda8b7aab87b1906ab3d4740a1e1224a19d7b3781a576736edc94e76aa"},
    {file = "scikit_learn-1.9.0.tar.gz", hash = "sha256:8833266989d3a5110178a9fae30783675460724d0e1efb13b14901d2c660c557"},
]

[package.dependencies]
joblib = ">=1.4.0"
narwhals = ">=2.0.1"
numpy = ">=1.24.1"
scipy = ">=1.10.0"
threadpoolctl = ">=3.5.0"

[package.extras]
benchmark = ["matplotlib (>=3.6.1)", "memory_profiler (>=0.57.0)", "pandas (>=1.5.0)"]
build = ["cython (>=3.1.2)", "meson-python (>=0.17.1)", "numpy (>=1.24.1)", "scipy (>=1.10.0)"]
docs = ["Pillow (>=12.1.1)", "matplotlib (>=3.6.1)", "memory_profiler (>=0.57.0)", "numpydoc (>=1.2.0)", "pandas (>=1.5.0)", "plotly (>=5.22.0)", "polars (>=0.20.30)", "pooch (>=1.8.0)", "pydata-sphinx-theme (>=0.15.3)", "rich (>=14.1.0)", "scikit-image (>=0.22.0)", "seaborn (>=0.13.0)", "sphinx (>=7.3.7)", "sphinx-copybutton (>=0.5.2)", "sphinx-design (>=0.6.0)", "sphinx-gallery (>=0.17.1)", "sphinx-prompt (>=1.4.0)", "sphinx-remove-toctrees (>=1.0.0.post1)", "sphinxcontrib-sass (>=0.3.4)", "sphinxext-opengraph (>=0.9.1)", "towncrier (>=24.8.0)"]
examples = ["matplotlib (>=3.6.1)", "pandas (>=1.5.0)", "plotly (>=5.22.0)", "pooch (>=1.8.0)", "rich (>=14.1.0)", "scikit-image (>=0.22.0)", "seaborn (>=0.13.0)"]
install = ["joblib (>=1.4.0)", "narwhals (>=2.0.1)", "numpy (>=1.24.1)", "scipy (>=1.10.0)", "threadpoolctl (>=3.5.0)"]
maintenance = ["conda-lock (==3.0.1)"]
tests = ["matplotlib (>=3.6.1)", "mypy (>=1.15)", "numpydoc (>=1.2.0)", "pandas (>=1.5.0)", "polars (>=0.20.30)", "pooch (>=1.8.0)", "pyamg (>=5.0.0)", "pyarrow (>=13.0.0)", "pytest (>=7.1.2)", "pytest-cov (>=2.9.0)", "rich (>=14.1.0)", "ruff (>=0.12.2)"]

[[package]]
name = "scipy"
version = "1.18.0"
description = "Fundamental algorithms for scientific computing in Python"
optional = false
python-versions = ">=3.12"
groups = ["main"]
files = [
    {file = "scipy-1.18.0-cp312-cp312-macosx_10_15_x86_64.whl", hash = "sha256:7bd21faaf5a1a3b2eff922d02db5f191b99a6518db9078a8fb23169f6d22259a"},
    {file = "scipy-1.18.0-cp312-cp312-macosx_12_0_arm64.whl", hash = "sha256:265915e79107de9f946b855e50d7470d5893ec3f54b342e1aa6201cbdcd8bb6b"},
    {file = "scipy-1.18.0-cp312-cp312-macosx_14_0_arm64.whl", hash = "sha256:9ab7b758be6940954a713ee466e2043e9f6e2ed965c1fce5c91039f4be3d90a9"},
    {file = "scipy-1.18.0-cp312-cp312-macosx_14_0_x86_64.whl", hash = "sha256:97b6cddaaee0a779ef6b5ca83c9604b27cc16b2b8fc22c142652df8793319fb8"},
    {file = "scipy-1.18.0-cp312-cp312-manylinux_2_27_aarch64.manylinux_2_28_aarch64.whl", hash = "sha256:52a96e21517c7292375c0e27dd796a811f03fcea5fd4d108fdfea8145dcf17ab"},
    {file = "scipy-1.18.0-cp312-cp312-manylinux_2_27_x86_64.manylinux_2_28_x86_64.whl", hash = "sha256:1f55797419e16e7f30cf88ffb3113ce0467f00cfe3f70d5c281730b21769bfc2"},
    {file = "scipy-1.18.0-cp312-cp312-musllinux_1_2_aarch64.whl", hash = "sha256:ad033410e2e0672ffdc1042110cef20e1c46f8fd0616cee1d44d8d58fad8fc11"},
    {file = "scipy-1.18.0-cp312-cp312-musllinux_1_2_x86_64.whl", hash = "sha256:4a55985d54c769c872e64b7f4c8a81cc30ef700cc04296abbbf3705439c126de"},
    {file = "scipy-1.18.0-cp312-cp312-win_amd64.whl", hash = "sha256:71ccc8faa2dd16ac310233203474a8b5cb67f10dedd54a3116d34943f4b19132"},
    {file = "scipy-1.18.0-cp312-cp312-win_arm64.whl", hash = "sha256:d88363fd9d8fbd3511bd273f1a49efb2a540773ddf92a91d57498ce7dd7f3e76"},
    {file = "scipy-1.18.0-cp313-cp313-macosx_10_15_x86_64.whl", hash = "sha256:09143f676d157d9f546d663504ef9c1becb819824f1afc018814176411942446"},
    {file = "scipy-1.18.0-cp313-cp313-macosx_12_0_arm64.whl", hash = "sha256:5efe260f69417b97ddae455bfb5a95e8359f7f66ad7fa9522a60feb66f169520"},
    {file = "scipy-1.18.0-cp313-cp313-macosx_14_0_arm64.whl", hash = "sha256:68363b7eaacd8b5dd426df56d782cc156468ac79a127a1b87ca597d6e2e82197"},
    {file = "scipy-1.18.0-cp313-cp313-macosx_14_0_x86_64.whl", hash = "sha256:c5557d8be5da8e41353fcd4d21491fdbab83b062fc579e94dc09a7c8ab4f669b"},
    {file = "scipy-1.18.0-cp313-cp313-manylinux_2_27_aarch64.manylinux_2_28_aarch64.whl", hash = "sha256:0d13bca67c096d89fb95ced0d8921807300fce0275643aef9533cc63a0773468"},
    {file = "scipy-1.18.0-cp313-cp313-manylinux_2_27_x86_64.manylinux_2_28_x86_64.whl", hash = "sha256:a46f9273dbd0eb1cefba61c9b8648b4dfe3cbc14a080176f9a73e44b8336dc7f"},
    {file = "scipy-1.18.0-cp313-cp313-musllinux_1_2_aarch64.whl", hash = "sha256:5aba46108853ddfc77906b6557aac839d2b52e900c1d72a1180adaaab58d265f"},
    {file = "scipy-1.18.0-cp313-cp313-musllinux_1_2_x86_64.whl", hash = "sha256:b6f758e35f12757b5d95c00bc6de2438e229c2664b7a92e96f205959d9f2dfa4"},
    {file = "scipy-1.18.0-cp313-cp313-win_amd64.whl", hash = "sha256:1afac4a847207c7ff8efd321734a50b06d0280b3b2a2c0fc2f413101747ad7c7"},
    {file = "scipy-1.18.0-cp313-cp313-win_arm64.whl", hash = "sha256:c5dbddf60e58c2312316d097271a8e73d40eaf2eabfa4d95ed7d3695bbf2ce7b"},
    {file = "scipy-1.18.0-cp314-cp314-macosx_10_15_x86_64.whl", hash = "sha256:4c256ee70c0d1a8a2ace807e199ccd4e3f57037433842abb3fb36bc17eaa9578"},
    {file = "scipy-1.18.0-cp314-cp314-macosx_12_0_arm64.whl", hash = "sha256:2ef3abc54a4ffc53765374b0d5728532dfdd2585ed23f6b11c206a1f0b1b9af8"},
    {file = "scipy-1.18.0-cp314-cp314-macosx_14_0_arm64.whl", hash = "sha256:f2a6af57bd9e4a75d70e4117e78a1bbee84f79ae3fbb6d0111005d6ebcc4cb8d"},
    {file = "scipy-1.18.0-cp314-cp314-macosx_14_0_x86_64.whl", hash = "sha256:3f1ac564d3bf6c03d861d2cd87a1bea0da2887136f7fb1bf519c05a8971452d6"},
    {file = "scipy-1.18.0-cp314-cp314-manylinux_2_27_aarch64.manylinux_2_28_aarch64.whl", hash = "sha256:40395a5fcd1abee49a5c7aaa98c29db393eedc835138560a588c47ec16156690"},
    {file = "scipy-1.18.0-cp314-cp314-manylinux_2_27_x86_64.manylinux_2_28_x86_64.whl", hash = "sha256:8ca01e8ae69f1b18e9a58d91afead31be3cef0dd905a10249dac559ee15460a0"},
    {file = "scipy-1.18.0-cp314-cp314-musllinux_1_2_aarch64.whl", hash = "sha256:7a7f3b01647384dbc3a711e8c6778e0aabbe93959249fef5c7393396bcac0867"},
    {file = "scipy-1.18.0-cp314-cp314-musllinux_1_2_x86_64.whl", hash = "sha256:6aa94e78ec192a30063a5e72e561c28af769dc311190b24fe91774eff1969709"},
    {file = "scipy-1.18.0-cp314-cp314-win_amd64.whl", hash = "sha256:2d8bbdc6c817f5b4006a54d799d4f5bab6f910193cbb9a1ff310833d4d270f61"},
    {file = "scipy-1.18.0-cp314-cp314-win_arm64.whl", hash = "sha256:18e9575f1569b2c54174e6159d32942e03731177f63dce7975f0a0c88d102f5b"},
    {file = "scipy-1.18.0-cp314-cp314t-macosx_10_15_x86_64.whl", hash = "sha256:f351e0dd702687d12a402b867a1b4146a256923e1c38317cbc472f6372b94707"},
    {file = "scipy-1.18.0-cp314-cp314t-macosx_12_0_arm64.whl", hash = "sha256:7c7a51b33ce387193c97f228320cf8e87361daa1bba750638677729598b3e677"},
    {file = "scipy-1.18.0-cp314-cp314t-macosx_14_0_arm64.whl", hash = "sha256:84031d7b052a54fae2f8632e0ec802073d385476eb9a63079bce6e23ef9283d4"},
    {file = "scipy-1.18.0-cp314-cp314t-macosx_14_0_x86_64.whl", hash = "sha256:56abf29a7c067dde59be8b9a22d606a4ea1b2f2a4b756d9d903c62818f5dacce"},
    {file = "scipy-1.18.0-cp314-cp314t-manylinux_2_27_aarch64.manylinux_2_28_aarch64.whl", hash = "sha256:1ad44305cfa24b1ba5803cbbebf033590ccbac1aa5d612d727b785325ab408b0"},
    {file = "scipy-1.18.0-cp314-cp314t-manylinux_2_27_x86_64.manylinux_2_28_x86_64.whl", hash = "sha256:945c1761b93f38d7f99ae81ae80c63e621471608c7eeead563f6df025585cd58"},
    {file = "scipy-1.18.0-cp314-cp314t-musllinux_1_2_aarch64.whl", hash = "sha256:1a4441f15d620578772a49e5ab48c0ee1f7a0220e387110283062729136b2553"},
    {file = "scipy-1.18.0-cp314-cp314t-musllinux_1_2_x86_64.whl", hash = "sha256:9aac6192fac56bf2ca534389d24623f07b39ff83317d58287285e7fbd622ff76"},
    {file = "scipy-1.18.0-cp314-cp314t-win_amd64.whl", hash = "sha256:e40baea28ae7f5475c779741e2d90b1247c78531207b49c7030e698ff81cee3f"},
    {file = "scipy-1.18.0-cp314-cp314t-win_arm64.whl", hash = "sha256:368e0a705903c466aa5f08eefb39e6b1b6b2d659e7352a31fd9e2438365be0f8"},
    {file = "scipy-1.18.0.tar.gz", hash = "sha256:67b2ad2ad54c72ca6d04975a9b2df8c3638c34ddd5b28738e94fc2b57929d378"},
]

[package.dependencies]
numpy = ">=2.0.0,<2.8"

[package.extras]
dev = ["click (<8.3.0)", "cython-lint (>=0.12.2)", "mypy (==1.19.1)", "pycodestyle", "pyrefly (==0.63.0)", "ruff (>=0.12.0)", "spin", "types-psutil", "typing_extensions"]
doc = ["intersphinx_registry", "jupyterlite-pyodide-kernel", "jupyterlite-sphinx (>=0.19.1)", "jupytext", "linkify-it-py", "matplotlib (>=3.5)", "myst-nb (>=1.2.0)", "numpydoc", "pooch", "pydata-sphinx-theme (>=0.15.2)", "sphinx (>=5.0.0,<8.2.0)", "sphinx-copybutton", "sphinx-design (>=0.4.0)", "tabulate"]
test = ["Cython", "array-api-strict (>=2.3.1)", "asv", "gmpy2", "hypothesis (>=6.30)", "meson", "mpmath", "ninja ; sys_platform != \"emscripten\"", "pooch", "pytest (>=8.0.0)", "pytest-cov", "pytest-timeout", "pytest-xdist", "scikit-umfpack", "scipy-doctest (>=2.0.0)", "threadpoolctl"]

[[package]]
name = "six"
version = "1.17.0"
description = "Python 2 and 3 compatibility utilities"
optional = false
python-versions = "!=3.0.*,!=3.1.*,!=3.2.*,>=2.7"
groups = ["main"]
files = [
    {file = "six-1.17.0-py2.py3-none-any.whl", hash = "sha256:4721f391ed90541fddacab5acf947aa0d3dc7d27b2e1e8eda2be8970586c3274"},
    {file = "six-1.17.0.tar.gz", hash = "sha256:ff70335d468e7eb6ec65b95b99d3a2836546063f63acc5171de367e834932a81"},
]

[[package]]
name = "threadpoolctl"
version = "3.6.0"
description = "threadpoolctl"
optional = false
python-versions = ">=3.9"
groups = ["main"]
files = [
    {file = "threadpoolctl-3.6.0-py3-none-any.whl", hash = "sha256:43a0b8fd5a2928500110039e43a5eed8480b918967083ea48dc3ab9f13c4a7fb"},
    {file = "threadpoolctl-3.6.0.tar.gz", hash = "sha256:8ab8b4aa3491d812b623328249fab5302a68d2d71745c8a4c719a2fcaba9f44e"},
]

[[package]]
name = "tzdata"
version = "2026.2"
description = "Provider of IANA time zone data"
optional = false
python-versions = ">=2"
groups = ["main"]
markers = "sys_platform == \"win32\" or sys_platform == \"emscripten\""
files = [
    {file = "tzdata-2026.2-py2.py3-none-any.whl", hash = "sha256:bbe9af844f658da81a5f95019480da3a89415801f6cc966806612cc7169bffe7"},
    {file = "tzdata-2026.2.tar.gz", hash = "sha256:9173fde7d80d9018e02a662e168e5a2d04f87c41ea174b139fbef642eda62d10"},
]

[metadata]
lock-version = "2.1"
python-versions = "~3.13"
content-hash = "90e36fc5ba5f4d42a7b8ae25d50159e988937dc8f78590684bc6c9330189182d"
